
Microsoft Visual Studio Solution File, Format Version 12.00
# Visual Studio Version 17
VisualStudioVersion = 17.1.32210.238
MinimumVisualStudioVersion = 10.0.40219.1
Project("{FAE04EC0-301F-11D3-BF4B-00C04F79EFBC}") = "Xuwenxiang13203CLSApp", "Xuwenxiang13203CLSApp\Xuwenxiang13203CLSApp.csproj", "{20AF4258-221C-4213-B642-4FEE6321033B}"
EndProject
Global
	GlobalSection(SolutionConfigurationPlatforms) = preSolution
		Debug|Any CPU = Debug|Any CPU
		Release|Any CPU = Release|Any CPU
	EndGlobalSection
	GlobalSection(ProjectConfigurationPlatforms) = postSolution
		{20AF4258-221C-4213-B642-4FEE6321033B}.Debug|Any CPU.ActiveCfg = Debug|Any CPU
		{20AF4258-221C-4213-B642-4FEE6321033B}.Debug|Any CPU.Build.0 = Debug|Any CPU
		{20AF4258-221C-4213-B642-4FEE6321033B}.Release|Any CPU.ActiveCfg = Release|Any CPU
		{20AF4258-221C-4213-B642-4FEE6321033B}.Release|Any CPU.Build.0 = Release|Any CPU
	EndGlobalSection
	GlobalSection(SolutionProperties) = preSolution
		HideSolutionNode = FALSE
	EndGlobalSection
	GlobalSection(ExtensibilityGlobals) = postSolution
		SolutionGuid = {9F5CA7E8-C062-4A7D-9A05-4CBE75454359}
	EndGlobalSection
EndGlobal
